
Microsoft Visual Studio Solution File, Format Version 12.00
# Visual Studio Version 16
VisualStudioVersion = 16.0.28922.388
MinimumVisualStudioVersion = 10.0.40219.1
Project("{8BC9CEB8-8B4A-11D0-8D11-00A0C91BC942}") = "ConsoleApplication3", "ConsoleApplication3.vcxproj", "{BEA067DA-55D5-4DBF-A607-EA45EA462757}"
EndProject
Global
	GlobalSection(SolutionConfigurationPlatforms) = preSolution
		Debug|x64 = Debug|x64
		Debug|x86 = Debug|x86
		Release|x64 = Release|x64
		Release|x86 = Release|x86
	EndGlobalSection
	GlobalSection(ProjectConfigurationPlatforms) = postSolution
		{BEA067DA-55D5-4DBF-A607-EA45EA462757}.Debug|x64.ActiveCfg = Debug|x64
		{BEA067DA-55D5-4DBF-A607-EA45EA462757}.Debug|x64.Build.0 = Debug|x64
		{BEA067DA-55D5-4DBF-A607-EA45EA462757}.Debug|x86.ActiveCfg = Debug|Win32
		{BEA067DA-55D5-4DBF-A607-EA45EA462757}.Debug|x86.Build.0 = Debug|Win32
		{BEA067DA-55D5-4DBF-A607-EA45EA462757}.Release|x64.ActiveCfg = Release|x64
		{BEA067DA-55D5-4DBF-A607-EA45EA462757}.Release|x64.Build.0 = Release|x64
		{BEA067DA-55D5-4DBF-A607-EA45EA462757}.Release|x86.ActiveCfg = Release|Win32
		{BEA067DA-55D5-4DBF-A607-EA45EA462757}.Release|x86.Build.0 = Release|Win32
	EndGlobalSection
	GlobalSection(SolutionProperties) = preSolution
		HideSolutionNode = FALSE
	EndGlobalSection
	GlobalSection(ExtensibilityGlobals) = postSolution
		SolutionGuid = {59CC4BD0-3F77-4667-A9A8-586683182657}
	EndGlobalSection
EndGlobal
